
Microsoft Visual Studio Solution File, Format Version 12.00
# Visual Studio 15
VisualStudioVersion = 15.0.26730.15
MinimumVisualStudioVersion = 10.0.40219.1
Project("{FAE04EC0-301F-11D3-BF4B-00C04F79EFBC}") = "BrunoFontes.Portifolio.Domain", "BrunoFontes.Portifolio.Domain\BrunoFontes.Portifolio.Domain.csproj", "{586621EE-9CB7-493A-A441-24A3D141C798}"
EndProject
Project("{FAE04EC0-301F-11D3-BF4B-00C04F79EFBC}") = "BrunoFontes.Portifolio.Persistent.EF", "BrunoFontes.Portifolio.Persistent .EF\BrunoFontes.Portifolio.Persistent.EF.csproj", "{1904E620-B322-4905-82B0-6E76BD125428}"
EndProject
Project("{FAE04EC0-301F-11D3-BF4B-00C04F79EFBC}") = "BrunoFontes.Portifolio.Repository.Standard", "BrunoFontes.Portifolio.Repository.Standard\BrunoFontes.Portifolio.Repository.Standard.csproj", "{FC325907-C01D-46DB-BFFC-3631A5A78005}"
EndProject
Project("{FAE04EC0-301F-11D3-BF4B-00C04F79EFBC}") = "BrunoFontes.Portifolio.Repository.ProdBrnd.EF", "BrunoFontes.Portifolio.Repository.ProdBrnd.EF\BrunoFontes.Portifolio.Repository.ProdBrnd.EF.csproj", "{56C79D16-1641-4DE1-9988-1483933BFF49}"
EndProject
Project("{FAE04EC0-301F-11D3-BF4B-00C04F79EFBC}") = "BrunoFontes.Portifolio.WinFormView", "BrunoFontes.Portifolio.WinFormView\BrunoFontes.Portifolio.WinFormView.csproj", "{43ADFD02-4F76-4CCD-9979-78EAF19C2BBD}"
EndProject
Global
	GlobalSection(SolutionConfigurationPlatforms) = preSolution
		Debug|Any CPU = Debug|Any CPU
		Release|Any CPU = Release|Any CPU
	EndGlobalSection
	GlobalSection(ProjectConfigurationPlatforms) = postSolution
		{586621EE-9CB7-493A-A441-24A3D141C798}.Debug|Any CPU.ActiveCfg = Debug|Any CPU
		{586621EE-9CB7-493A-A441-24A3D141C798}.Debug|Any CPU.Build.0 = Debug|Any CPU
		{586621EE-9CB7-493A-A441-24A3D141C798}.Release|Any CPU.ActiveCfg = Release|Any CPU
		{586621EE-9CB7-493A-A441-24A3D141C798}.Release|Any CPU.Build.0 = Release|Any CPU
		{1904E620-B322-4905-82B0-6E76BD125428}.Debug|Any CPU.ActiveCfg = Debug|Any CPU
		{1904E620-B322-4905-82B0-6E76BD125428}.Debug|Any CPU.Build.0 = Debug|Any CPU
		{1904E620-B322-4905-82B0-6E76BD125428}.Release|Any CPU.ActiveCfg = Release|Any CPU
		{1904E620-B322-4905-82B0-6E76BD125428}.Release|Any CPU.Build.0 = Release|Any CPU
		{FC325907-C01D-46DB-BFFC-3631A5A78005}.Debug|Any CPU.ActiveCfg = Debug|Any CPU
		{FC325907-C01D-46DB-BFFC-3631A5A78005}.Debug|Any CPU.Build.0 = Debug|Any CPU
		{FC325907-C01D-46DB-BFFC-3631A5A78005}.Release|Any CPU.ActiveCfg = Release|Any CPU
		{FC325907-C01D-46DB-BFFC-3631A5A78005}.Release|Any CPU.Build.0 = Release|Any CPU
		{56C79D16-1641-4DE1-9988-1483933BFF49}.Debug|Any CPU.ActiveCfg = Debug|Any CPU
		{56C79D16-1641-4DE1-9988-1483933BFF49}.Debug|Any CPU.Build.0 = Debug|Any CPU
		{56C79D16-1641-4DE1-9988-1483933BFF49}.Release|Any CPU.ActiveCfg = Release|Any CPU
		{56C79D16-1641-4DE1-9988-1483933BFF49}.Release|Any CPU.Build.0 = Release|Any CPU
		{43ADFD02-4F76-4CCD-9979-78EAF19C2BBD}.Debug|Any CPU.ActiveCfg = Debug|Any CPU
		{43ADFD02-4F76-4CCD-9979-78EAF19C2BBD}.Debug|Any CPU.Build.0 = Debug|Any CPU
		{43ADFD02-4F76-4CCD-9979-78EAF19C2BBD}.Release|Any CPU.ActiveCfg = Release|Any CPU
		{43ADFD02-4F76-4CCD-9979-78EAF19C2BBD}.Release|Any CPU.Build.0 = Release|Any CPU
	EndGlobalSection
	GlobalSection(SolutionProperties) = preSolution
		HideSolutionNode = FALSE
	EndGlobalSection
	GlobalSection(ExtensibilityGlobals) = postSolution
		SolutionGuid = {38EB50A9-4EB2-49B6-A361-6611C50D2502}
	EndGlobalSection
EndGlobal
